Microsoft Visual Studio Solution File, Format Version 12.00
# Visual Studio Version 17
VisualStudioVersion = 17.5.2.0
MinimumVisualStudioVersion = 10.0.40219.1
Project("{FAE04EC0-301F-11D3-BF4B-00C04F79EFBC}") = "CRUDServer", "CRUDServer\CRUDServer.csproj", "{4BF74973-8A08-6AC7-2C95-D9E2D9D3686E}"
EndProject
Global
	GlobalSection(SolutionConfigurationPlatforms) = preSolution
		Debug|Any CPU = Debug|Any CPU
		Release|Any CPU = Release|Any CPU
	EndGlobalSection
	GlobalSection(ProjectConfigurationPlatforms) = postSolution
		{4BF74973-8A08-6AC7-2C95-D9E2D9D3686E}.Debug|Any CPU.ActiveCfg = Debug|Any CPU
		{4BF74973-8A08-6AC7-2C95-D9E2D9D3686E}.Debug|Any CPU.Build.0 = Debug|Any CPU
		{4BF74973-8A08-6AC7-2C95-D9E2D9D3686E}.Release|Any CPU.ActiveCfg = Release|Any CPU
		{4BF74973-8A08-6AC7-2C95-D9E2D9D3686E}.Release|Any CPU.Build.0 = Release|Any CPU
		{1DA94296-8C22-4944-A363-244C655C6684}.Debug|Any CPU.ActiveCfg = Debug|Any CPU
		{1DA94296-8C22-4944-A363-244C655C6684}.Debug|Any CPU.Build.0 = Debug|Any CPU
		{1DA94296-8C22-4944-A363-244C655C6684}.Release|Any CPU.ActiveCfg = Release|Any CPU
		{1DA94296-8C22-4944-A363-244C655C6684}.Release|Any CPU.Build.0 = Release|Any CPU
		{2A8FC000-53BF-41A6-A830-A33C5C5E9DBF}.Debug|Any CPU.ActiveCfg = Debug|Any CPU
		{2A8FC000-53BF-41A6-A830-A33C5C5E9DBF}.Debug|Any CPU.Build.0 = Debug|Any CPU
		{2A8FC000-53BF-41A6-A830-A33C5C5E9DBF}.Release|Any CPU.ActiveCfg = Release|Any CPU
		{2A8FC000-53BF-41A6-A830-A33C5C5E9DBF}.Release|Any CPU.Build.0 = Release|Any CPU
	EndGlobalSection
	GlobalSection(SolutionProperties) = preSolution
		HideSolutionNode = FALSE
	EndGlobalSection
	GlobalSection(ExtensibilityGlobals) = postSolution
		SolutionGuid = {C65B60B9-C81B-4D20-BED1-5403F548C60A}
	EndGlobalSection
EndGlobal
